Microsoft Visual Studio Solution File, Format Version 12.00
# Visual Studio Version 17
VisualStudioVersion = 17.5.2.0
MinimumVisualStudioVersion = 10.0.40219.1
Project("{FAE04EC0-301F-11D3-BF4B-00C04F79EFBC}") = "StudentDatabase", "StudentDatabase.csproj", "{6F531CF8-E411-DBDF-F4A9-CB5ED107E4F1}"
EndProject
Global
	GlobalSection(SolutionConfigurationPlatforms) = preSolution
		Debug|Any CPU = Debug|Any CPU
		Release|Any CPU = Release|Any CPU
	EndGlobalSection
	GlobalSection(ProjectConfigurationPlatforms) = postSolution
		{6F531CF8-E411-DBDF-F4A9-CB5ED107E4F1}.Debug|Any CPU.ActiveCfg = Debug|Any CPU
		{6F531CF8-E411-DBDF-F4A9-CB5ED107E4F1}.Debug|Any CPU.Build.0 = Debug|Any CPU
		{6F531CF8-E411-DBDF-F4A9-CB5ED107E4F1}.Release|Any CPU.ActiveCfg = Release|Any CPU
		{6F531CF8-E411-DBDF-F4A9-CB5ED107E4F1}.Release|Any CPU.Build.0 = Release|Any CPU
	EndGlobalSection
	GlobalSection(SolutionProperties) = preSolution
		HideSolutionNode = FALSE
	EndGlobalSection
	GlobalSection(ExtensibilityGlobals) = postSolution
		SolutionGuid = {FFEE2A7A-9EDC-4EB5-B488-5DC5E597DAE7}
	EndGlobalSection
EndGlobal
